
Microsoft Visual Studio Solution File, Format Version 12.00
# Visual Studio Version 16
VisualStudioVersion = 16.0.30225.117
MinimumVisualStudioVersion = 10.0.40219.1
Project("{FAE04EC0-301F-11D3-BF4B-00C04F79EFBC}") = "Capestone-ToDoList", "Capestone-ToDoList.csproj", "{7EED4535-1F08-46CE-8CB9-8D7F8F716FF7}"
EndProject
Global
	GlobalSection(SolutionConfigurationPlatforms) = preSolution
		Debug|Any CPU = Debug|Any CPU
		Release|Any CPU = Release|Any CPU
	EndGlobalSection
	GlobalSection(ProjectConfigurationPlatforms) = postSolution
		{7EED4535-1F08-46CE-8CB9-8D7F8F716FF7}.Debug|Any CPU.ActiveCfg = Debug|Any CPU
		{7EED4535-1F08-46CE-8CB9-8D7F8F716FF7}.Debug|Any CPU.Build.0 = Debug|Any CPU
		{7EED4535-1F08-46CE-8CB9-8D7F8F716FF7}.Release|Any CPU.ActiveCfg = Release|Any CPU
		{7EED4535-1F08-46CE-8CB9-8D7F8F716FF7}.Release|Any CPU.Build.0 = Release|Any CPU
	EndGlobalSection
	GlobalSection(SolutionProperties) = preSolution
		HideSolutionNode = FALSE
	EndGlobalSection
	GlobalSection(ExtensibilityGlobals) = postSolution
		SolutionGuid = {D2B3206D-F21E-418F-B070-01DFA2EED7B2}
	EndGlobalSection
EndGlobal
